
Microsoft Visual Studio Solution File, Format Version 12.00
# Visual Studio Version 17
VisualStudioVersion = 17.4.33122.133
MinimumVisualStudioVersion = 10.0.40219.1
Project("{FAE04EC0-301F-11D3-BF4B-00C04F79EFBC}") = "ConsoleApp5", "ConsoleApp5\ConsoleApp5.csproj", "{DD9B1B77-8537-4E83-9259-1654CCC0E358}"
EndProject
Global
	GlobalSection(SolutionConfigurationPlatforms) = preSolution
		Debug|Any CPU = Debug|Any CPU
		Release|Any CPU = Release|Any CPU
	EndGlobalSection
	GlobalSection(ProjectConfigurationPlatforms) = postSolution
		{DD9B1B77-8537-4E83-9259-1654CCC0E358}.Debug|Any CPU.ActiveCfg = Debug|Any CPU
		{DD9B1B77-8537-4E83-9259-1654CCC0E358}.Debug|Any CPU.Build.0 = Debug|Any CPU
		{DD9B1B77-8537-4E83-9259-1654CCC0E358}.Release|Any CPU.ActiveCfg = Release|Any CPU
		{DD9B1B77-8537-4E83-9259-1654CCC0E358}.Release|Any CPU.Build.0 = Release|Any CPU
	EndGlobalSection
	GlobalSection(SolutionProperties) = preSolution
		HideSolutionNode = FALSE
	EndGlobalSection
	GlobalSection(ExtensibilityGlobals) = postSolution
		SolutionGuid = {6ED07302-9800-40DA-A4A8-AD7A436AB530}
	EndGlobalSection
EndGlobal
